{
    "_meta": {
        "hash": {
            "sha256": "5d6003daf63f67a273ffb4de9f96d5ab226affbeb228cc000af1c68dfe92d20d"
        },
        "pipfile-spec": 6,
        "requires": {
            "python_version": "3.6"
        },
        "sources": [
            {
                "name": "pypi",
                "url": "https://pypi.org/simple",
                "verify_ssl": true
            }
        ]
    },
    "default": {
        "async-generator": {
            "hashes": [
                "sha256:2f45541002a14f80fffc6d52788f92470ff0d9bfe81c434ea8cd60babe43de9e",
                "sha256:b7d5465c6174fe86dba498ececb175f93a6097ffb7cc91946405e1f05b848371"
            ],
            "version": "==1.9"
        },
        "attrs": {
            "hashes": [
                "sha256:4b90b09eeeb9b88c35bc642cbac057e45a5fd85367b985bd2809c62b7b939265",
                "sha256:e0d0eb91441a3b53dab4d9b743eafc1ac44476296a2053b6ca3af0b139faf87b"
            ],
            "version": "==18.1.0"
        },
        "contextvars": {
            "hashes": [
                "sha256:7d73f8b1426cf0200fbe16900fcd73c9be29c54546b48a3980727e670b1acb10"
            ],
            "markers": "python_version < '3.7'",
            "version": "==2.2"
        },
        "curio": {
            "hashes": [
                "sha256:51d1a7b49b4f8dd1486ac785c72d522962e93ccfdcfc1f818f5c7553a307b5ef"
            ],
            "index": "pypi",
            "version": "==0.9"
        },
        "idna": {
            "hashes": [
                "sha256:2c6a5de3089009e3da7c5dde64a141dbc8551d5b7f6cf4ed7c2568d0cc520a8f",
                "sha256:8c7309c718f94b3a625cb648ace320157ad16ff131ae0af362c9f21b80ef6ec4"
            ],
            "version": "==2.6"
        },
        "immutables": {
            "hashes": [
                "sha256:1614177d08408176a7b12313d6efefad41c3ba17e56cbeb404bb74f83cfdeaac",
                "sha256:18cd84d5ff10ffd42db163d4aad88128d86c2939335b068852f8f399594521ee",
                "sha256:4d29f0e6a880a20f94c9efd4672212c3276fa303621a4bdf2a5e4ba7f27cba84",
                "sha256:5180319a7aebc9319e63e7ea663830d46566b84bed91cbcdb50e247d65fbda07",
                "sha256:57d17742fccec4c0466ab658053fab1a327df42241e7b1cab28e5b85e7066ac1",
                "sha256:75e2e4e9441938690821adc1ab00829a174f696aef1c52ae6aba767219d1e84f",
                "sha256:812fd1124fca2f56a3a7f376f34ac44719f131d82b6001323aef84faa8be7f00",
                "sha256:8a3d2fc0d9db57188f28d3e6cefe45e9905292965895a7a391be6ededa626811",
                "sha256:95da22e2d16b47dbd3464ae447b94f8d74866bce045be216dd1691f2f1838a94",
                "sha256:9c8e0267a4d35032ccc670e5ab52aba2693ded330c4c1f2a4870b4a7c86b65af",
                "sha256:da1c24d6ab6b38604444b4b767b3bf6074dfa3f7d15d8192a3a4935f61f00bd6"
            ],
            "version": "==0.5"
        },
        "sortedcontainers": {
            "hashes": [
                "sha256:2c9db81119d0285a26119554e1ce7332b846ff7f0d05c9a46e9490423685808a",
                "sha256:87b80f909def3f73778a7c4572ae1d3615daad0c86fc01cb046b51c32bbf85c1"
            ],
            "version": "==2.0.2"
        },
        "trio": {
            "hashes": [
                "sha256:0496f575ed118eb382346a728971766d54b3a3e39e9825e94d4d513b0fe96145",
                "sha256:8266525067dc6553592383bef1832556e6962daba765fa42a81880c5d9f4b785",
                "sha256:fc5513551d22ec2be8bd05ddd56e9c3c377ac47c79a3866fa2d8710bfae4a0cb"
            ],
            "index": "pypi",
            "version": "==0.4.0"
        }
    },
    "develop": {}
}
